
Microsoft Visual Studio Solution File, Format Version 12.00
# Visual Studio Version 16
VisualStudioVersion = 16.0.29911.84
MinimumVisualStudioVersion = 10.0.40219.1
Project("{9A19103F-16F7-4668-BE54-9A1E7A4F7556}") = "MianenLib", "MianenLib\MianenLib.csproj", "{05067F94-612B-4348-BA13-410D274FC08E}"
EndProject
Project("{2150E333-8FDC-42A3-9474-1A3956D46DE8}") = "Solution Items", "Solution Items", "{04892FB1-C401-4909-87CE-D2E5DAF4A95C}"
	ProjectSection(SolutionItems) = preProject
		README.md = README.md
		TODO.md = TODO.md
	EndProjectSection
EndProject
Global
	GlobalSection(SolutionConfigurationPlatforms) = preSolution
		Debug|Any CPU = Debug|Any CPU
		Release|Any CPU = Release|Any CPU
	EndGlobalSection
	GlobalSection(ProjectConfigurationPlatforms) = postSolution
		{05067F94-612B-4348-BA13-410D274FC08E}.Debug|Any CPU.ActiveCfg = Debug|Any CPU
		{05067F94-612B-4348-BA13-410D274FC08E}.Debug|Any CPU.Build.0 = Debug|Any CPU
		{05067F94-612B-4348-BA13-410D274FC08E}.Release|Any CPU.ActiveCfg = Release|Any CPU
		{05067F94-612B-4348-BA13-410D274FC08E}.Release|Any CPU.Build.0 = Release|Any CPU
	EndGlobalSection
	GlobalSection(SolutionProperties) = preSolution
		HideSolutionNode = FALSE
	EndGlobalSection
	GlobalSection(ExtensibilityGlobals) = postSolution
		SolutionGuid = {0F4296E8-FF8C-4AB3-9E8E-6D9CCDF18285}
	EndGlobalSection
EndGlobal
