
Microsoft Visual Studio Solution File, Format Version 12.00
# Visual Studio Version 16
VisualStudioVersion = 16.0.29911.84
MinimumVisualStudioVersion = 10.0.40219.1
Project("{FAE04EC0-301F-11D3-BF4B-00C04F79EFBC}") = "MianenLib", "MianenLib\MianenLib.csproj", "{05067F94-612B-4348-BA13-410D274FC08E}"
EndProject
Global
	GlobalSection(SolutionConfigurationPlatforms) = preSolution
		Debug|Any CPU = Debug|Any CPU
		Release|Any CPU = Release|Any CPU
	EndGlobalSection
	GlobalSection(ProjectConfigurationPlatforms) = postSolution
		{05067F94-612B-4348-BA13-410D274FC08E}.Debug|Any CPU.ActiveCfg = Debug|Any CPU
		{05067F94-612B-4348-BA13-410D274FC08E}.Debug|Any CPU.Build.0 = Debug|Any CPU
		{05067F94-612B-4348-BA13-410D274FC08E}.Release|Any CPU.ActiveCfg = Release|Any CPU
		{05067F94-612B-4348-BA13-410D274FC08E}.Release|Any CPU.Build.0 = Release|Any CPU
	EndGlobalSection
	GlobalSection(SolutionProperties) = preSolution
		HideSolutionNode = FALSE
	EndGlobalSection
	GlobalSection(ExtensibilityGlobals) = postSolution
		SolutionGuid = {0F4296E8-FF8C-4AB3-9E8E-6D9CCDF18285}
	EndGlobalSection
EndGlobal
